
Microsoft Visual Studio Solution File, Format Version 12.00
# Visual Studio 15
VisualStudioVersion = 15.0.28307.1022
MinimumVisualStudioVersion = 10.0.40219.1
Project("{FAE04EC0-301F-11D3-BF4B-00C04F79EFBC}") = "GameInstaller", "GameInstaller\GameInstaller.csproj", "{000D7F72-38FC-464D-B6D5-40AAE81F1355}"
EndProject
Global
	GlobalSection(SolutionConfigurationPlatforms) = preSolution
		Debug|Any CPU = Debug|Any CPU
		Release|Any CPU = Release|Any CPU
	EndGlobalSection
	GlobalSection(ProjectConfigurationPlatforms) = postSolution
		{000D7F72-38FC-464D-B6D5-40AAE81F1355}.Debug|Any CPU.ActiveCfg = Debug|Any CPU
		{000D7F72-38FC-464D-B6D5-40AAE81F1355}.Debug|Any CPU.Build.0 = Debug|Any CPU
		{000D7F72-38FC-464D-B6D5-40AAE81F1355}.Release|Any CPU.ActiveCfg = Release|Any CPU
		{000D7F72-38FC-464D-B6D5-40AAE81F1355}.Release|Any CPU.Build.0 = Release|Any CPU
	EndGlobalSection
	GlobalSection(SolutionProperties) = preSolution
		HideSolutionNode = FALSE
	EndGlobalSection
	GlobalSection(ExtensibilityGlobals) = postSolution
		SolutionGuid = {FCAA371F-EFB5-479E-974F-223D91F8B66A}
	EndGlobalSection
EndGlobal
